// !$*UTF8*$!
{
	archiveVersion = 1;
	classes = {
	};
	objectVersion = 50;
	objects = {

/* Begin PBXBuildFile section */
		94C553BF2164B01300C0F628 /* PlaceCollectionViewController.m in Sources */ = {isa = PBXBuildFile; fileRef = 94C553BE2164B01300C0F628 /* PlaceCollectionViewController.m */; };
		94C8CEA12160A7F700E83B33 /* AppDelegate.m in Sources */ = {isa = PBXBuildFile; fileRef = 94C8CEA02160A7F700E83B33 /* AppDelegate.m */; };
		94C8CEA92160A7F800E83B33 /* Assets.xcassets in Resources */ = {isa = PBXBuildFile; fileRef = 94C8CEA82160A7F800E83B33 /* Assets.xcassets */; };
		94C8CEAC2160A7F800E83B33 /* LaunchScreen.storyboard in Resources */ = {isa = PBXBuildFile; fileRef = 94C8CEAA2160A7F800E83B33 /* LaunchScreen.storyboard */; };
		94C8CEAF2160A7F800E83B33 /* main.m in Sources */ = {isa = PBXBuildFile; fileRef = 94C8CEAE2160A7F800E83B33 /* main.m */; };
		94C8CEBE2160B0C600E83B33 /* MapViewController.m in Sources */ = {isa = PBXBuildFile; fileRef = 94C8CEBD2160B0C600E83B33 /* MapViewController.m */; };
		94C8CEC12160BA3D00E83B33 /* ApiManager.m in Sources */ = {isa = PBXBuildFile; fileRef = 94C8CEC02160BA3D00E83B33 /* ApiManager.m */; };
		94C8CEC42160BC1300E83B33 /* DataProvider.m in Sources */ = {isa = PBXBuildFile; fileRef = 94C8CEC32160BC1300E83B33 /* DataProvider.m */; };
		94C8CEC72160C17F00E83B33 /* ArtPoint.m in Sources */ = {isa = PBXBuildFile; fileRef = 94C8CEC62160C17F00E83B33 /* ArtPoint.m */; };
		94C8CECA2160E1E900E83B33 /* MyMarkerAnnotation.m in Sources */ = {isa = PBXBuildFile; fileRef = 94C8CEC92160E1E900E83B33 /* MyMarkerAnnotation.m */; };
		94C8CECD216104EB00E83B33 /* MyMarker.m in Sources */ = {isa = PBXBuildFile; fileRef = 94C8CECC216104EB00E83B33 /* MyMarker.m */; };
		94F3B58F21649B54005D447C /* TabBarController.m in Sources */ = {isa = PBXBuildFile; fileRef = 94F3B58E21649B54005D447C /* TabBarController.m */; };
/* End PBXBuildFile section */

/* Begin PBXFileReference section */
		94C553BD2164B01300C0F628 /* PlaceCollectionViewController.h */ = {isa = PBXFileReference; lastKnownFileType = sourcecode.c.h; path = PlaceCollectionViewController.h; sourceTree = "<group>"; };
		94C553BE2164B01300C0F628 /* PlaceCollectionViewController.m */ = {isa = PBXFileReference; lastKnownFileType = sourcecode.c.objc; path = PlaceCollectionViewController.m; sourceTree = "<group>"; };
		94C8CE9C2160A7F700E83B33 /* GBPublicArt.app */ = {isa = PBXFileReference; explicitFileType = wrapper.application; includeInIndex = 0; path = GBPublicArt.app; sourceTree = BUILT_PRODUCTS_DIR; };
		94C8CE9F2160A7F700E83B33 /* AppDelegate.h */ = {isa = PBXFileReference; lastKnownFileType = sourcecode.c.h; path = AppDelegate.h; sourceTree = "<group>"; };
		94C8CEA02160A7F700E83B33 /* AppDelegate.m */ = {isa = PBXFileReference; lastKnownFileType = sourcecode.c.objc; path = AppDelegate.m; sourceTree = "<group>"; };
		94C8CEA82160A7F800E83B33 /* Assets.xcassets */ = {isa = PBXFileReference; lastKnownFileType = folder.assetcatalog; path = Assets.xcassets; sourceTree = "<group>"; };
		94C8CEAB2160A7F800E83B33 /* Base */ = {isa = PBXFileReference; lastKnownFileType = file.storyboard; name = Base; path = Base.lproj/LaunchScreen.storyboard; sourceTree = "<group>"; };
		94C8CEAD2160A7F800E83B33 /* Info.plist */ = {isa = PBXFileReference; lastKnownFileType = text.plist.xml; path = Info.plist; sourceTree = "<group>"; };
		94C8CEAE2160A7F800E83B33 /* main.m */ = {isa = PBXFileReference; lastKnownFileType = sourcecode.c.objc; path = main.m; sourceTree = "<group>"; };
		94C8CEBC2160B0C600E83B33 /* MapViewController.h */ = {isa = PBXFileReference; lastKnownFileType = sourcecode.c.h; path = MapViewController.h; sourceTree = "<group>"; };
		94C8CEBD2160B0C600E83B33 /* MapViewController.m */ = {isa = PBXFileReference; lastKnownFileType = sourcecode.c.objc; path = MapViewController.m; sourceTree = "<group>"; };
		94C8CEBF2160BA3D00E83B33 /* ApiManager.h */ = {isa = PBXFileReference; lastKnownFileType = sourcecode.c.h; path = ApiManager.h; sourceTree = "<group>"; };
		94C8CEC02160BA3D00E83B33 /* ApiManager.m */ = {isa = PBXFileReference; lastKnownFileType = sourcecode.c.objc; path = ApiManager.m; sourceTree = "<group>"; };
		94C8CEC22160BC1300E83B33 /* DataProvider.h */ = {isa = PBXFileReference; lastKnownFileType = sourcecode.c.h; path = DataProvider.h; sourceTree = "<group>"; };
		94C8CEC32160BC1300E83B33 /* DataProvider.m */ = {isa = PBXFileReference; lastKnownFileType = sourcecode.c.objc; path = DataProvider.m; sourceTree = "<group>"; };
		94C8CEC52160C17F00E83B33 /* ArtPoint.h */ = {isa = PBXFileReference; lastKnownFileType = sourcecode.c.h; path = ArtPoint.h; sourceTree = "<group>"; };
		94C8CEC62160C17F00E83B33 /* ArtPoint.m */ = {isa = PBXFileReference; lastKnownFileType = sourcecode.c.objc; path = ArtPoint.m; sourceTree = "<group>"; };
		94C8CEC82160E1E900E83B33 /* MyMarkerAnnotation.h */ = {isa = PBXFileReference; lastKnownFileType = sourcecode.c.h; path = MyMarkerAnnotation.h; sourceTree = "<group>"; };
		94C8CEC92160E1E900E83B33 /* MyMarkerAnnotation.m */ = {isa = PBXFileReference; lastKnownFileType = sourcecode.c.objc; path = MyMarkerAnnotation.m; sourceTree = "<group>"; };
		94C8CECB216104EB00E83B33 /* MyMarker.h */ = {isa = PBXFileReference; lastKnownFileType = sourcecode.c.h; path = MyMarker.h; sourceTree = "<group>"; };
		94C8CECC216104EB00E83B33 /* MyMarker.m */ = {isa = PBXFileReference; lastKnownFileType = sourcecode.c.objc; path = MyMarker.m; sourceTree = "<group>"; };
		94F3B58D21649B54005D447C /* TabBarController.h */ = {isa = PBXFileReference; lastKnownFileType = sourcecode.c.h; path = TabBarController.h; sourceTree = "<group>"; };
		94F3B58E21649B54005D447C /* TabBarController.m */ = {isa = PBXFileReference; lastKnownFileType = sourcecode.c.objc; path = TabBarController.m; sourceTree = "<group>"; };
/* End PBXFileReference section */

/* Begin PBXFrameworksBuildPhase section */
		94C8CE992160A7F700E83B33 /* Frameworks */ = {
			isa = PBXFrameworksBuildPhase;
			buildActionMask = 2147483647;
			files = (
			);
			runOnlyForDeploymentPostprocessing = 0;
		};
/* End PBXFrameworksBuildPhase section */

/* Begin PBXGroup section */
		94C8CE932160A7F700E83B33 = {
			isa = PBXGroup;
			children = (
				94C8CE9E2160A7F700E83B33 /* GBPublicArt */,
				94C8CE9D2160A7F700E83B33 /* Products */,
			);
			sourceTree = "<group>";
		};
		94C8CE9D2160A7F700E83B33 /* Products */ = {
			isa = PBXGroup;
			children = (
				94C8CE9C2160A7F700E83B33 /* GBPublicArt.app */,
			);
			name = Products;
			sourceTree = "<group>";
		};
		94C8CE9E2160A7F700E83B33 /* GBPublicArt */ = {
			isa = PBXGroup;
			children = (
				94C8CEB52160A85600E83B33 /* App */,
				94C8CEB82160AF3F00E83B33 /* Entity */,
				94C8CEB72160AF2F00E83B33 /* Environment */,
				94C8CEBB2160B08F00E83B33 /* Flows */,
				94C8CEB92160AF4F00E83B33 /* Resource */,
			);
			path = GBPublicArt;
			sourceTree = "<group>";
		};
		94C8CEB52160A85600E83B33 /* App */ = {
			isa = PBXGroup;
			children = (
				94C8CEBA2160AF7D00E83B33 /* AppDelegate */,
				94C8CEB62160AEFA00E83B33 /* Network */,
			);
			path = App;
			sourceTree = "<group>";
		};
		94C8CEB62160AEFA00E83B33 /* Network */ = {
			isa = PBXGroup;
			children = (
				94C8CEBF2160BA3D00E83B33 /* ApiManager.h */,
				94C8CEC02160BA3D00E83B33 /* ApiManager.m */,
				94C8CEC22160BC1300E83B33 /* DataProvider.h */,
				94C8CEC32160BC1300E83B33 /* DataProvider.m */,
			);
			path = Network;
			sourceTree = "<group>";
		};
		94C8CEB72160AF2F00E83B33 /* Environment */ = {
			isa = PBXGroup;
			children = (
				94C8CEAD2160A7F800E83B33 /* Info.plist */,
				94C8CEAE2160A7F800E83B33 /* main.m */,
			);
			path = Environment;
			sourceTree = "<group>";
		};
		94C8CEB82160AF3F00E83B33 /* Entity */ = {
			isa = PBXGroup;
			children = (
				94C8CEC52160C17F00E83B33 /* ArtPoint.h */,
				94C8CEC62160C17F00E83B33 /* ArtPoint.m */,
				94C8CEC82160E1E900E83B33 /* MyMarkerAnnotation.h */,
				94C8CEC92160E1E900E83B33 /* MyMarkerAnnotation.m */,
				94C8CECB216104EB00E83B33 /* MyMarker.h */,
				94C8CECC216104EB00E83B33 /* MyMarker.m */,
			);
			path = Entity;
			sourceTree = "<group>";
		};
		94C8CEB92160AF4F00E83B33 /* Resource */ = {
			isa = PBXGroup;
			children = (
				94C8CEA82160A7F800E83B33 /* Assets.xcassets */,
				94C8CEAA2160A7F800E83B33 /* LaunchScreen.storyboard */,
			);
			path = Resource;
			sourceTree = "<group>";
		};
		94C8CEBA2160AF7D00E83B33 /* AppDelegate */ = {
			isa = PBXGroup;
			children = (
				94C8CE9F2160A7F700E83B33 /* AppDelegate.h */,
				94C8CEA02160A7F700E83B33 /* AppDelegate.m */,
			);
			path = AppDelegate;
			sourceTree = "<group>";
		};
		94C8CEBB2160B08F00E83B33 /* Flows */ = {
			isa = PBXGroup;
			children = (
				94F3B58D21649B54005D447C /* TabBarController.h */,
				94F3B58E21649B54005D447C /* TabBarController.m */,
				94C8CEBC2160B0C600E83B33 /* MapViewController.h */,
				94C8CEBD2160B0C600E83B33 /* MapViewController.m */,
				94C553BD2164B01300C0F628 /* PlaceCollectionViewController.h */,
				94C553BE2164B01300C0F628 /* PlaceCollectionViewController.m */,
			);
			path = Flows;
			sourceTree = "<group>";
		};
/* End PBXGroup section */

/* Begin PBXNativeTarget section */
		94C8CE9B2160A7F700E83B33 /* GBPublicArt */ = {
			isa = PBXNativeTarget;
			buildConfigurationList = 94C8CEB22160A7F800E83B33 /* Build configuration list for PBXNativeTarget "GBPublicArt" */;
			buildPhases = (
				94C8CE982160A7F700E83B33 /* Sources */,
				94C8CE992160A7F700E83B33 /* Frameworks */,
				94C8CE9A2160A7F700E83B33 /* Resources */,
			);
			buildRules = (
			);
			dependencies = (
			);
			name = GBPublicArt;
			productName = GBPublicArt;
			productReference = 94C8CE9C2160A7F700E83B33 /* GBPublicArt.app */;
			productType = "com.apple.product-type.application";
		};
/* End PBXNativeTarget section */

/* Begin PBXProject section */
		94C8CE942160A7F700E83B33 /* Project object */ = {
			isa = PBXProject;
			attributes = {
				LastUpgradeCheck = 1000;
				ORGANIZATIONNAME = "Maxim Tolstikov";
				TargetAttributes = {
					94C8CE9B2160A7F700E83B33 = {
						CreatedOnToolsVersion = 10.0;
					};
				};
			};
			buildConfigurationList = 94C8CE972160A7F700E83B33 /* Build configuration list for PBXProject "GBPublicArt" */;
			compatibilityVersion = "Xcode 9.3";
			developmentRegion = en;
			hasScannedForEncodings = 0;
			knownRegions = (
				en,
				Base,
			);
			mainGroup = 94C8CE932160A7F700E83B33;
			productRefGroup = 94C8CE9D2160A7F700E83B33 /* Products */;
			projectDirPath = "";
			projectRoot = "";
			targets = (
				94C8CE9B2160A7F700E83B33 /* GBPublicArt */,
			);
		};
/* End PBXProject section */

/* Begin PBXResourcesBuildPhase section */
		94C8CE9A2160A7F700E83B33 /* Resources */ = {
			isa = PBXResourcesBuildPhase;
			buildActionMask = 2147483647;
			files = (
				94C8CEAC2160A7F800E83B33 /* LaunchScreen.storyboard in Resources */,
				94C8CEA92160A7F800E83B33 /* Assets.xcassets in Resources */,
			);
			runOnlyForDeploymentPostprocessing = 0;
		};
/* End PBXResourcesBuildPhase section */

/* Begin PBXSourcesBuildPhase section */
		94C8CE982160A7F700E83B33 /* Sources */ = {
			isa = PBXSourcesBuildPhase;
			buildActionMask = 2147483647;
			files = (
				94C8CEC72160C17F00E83B33 /* ArtPoint.m in Sources */,
				94C8CEC42160BC1300E83B33 /* DataProvider.m in Sources */,
				94C8CEC12160BA3D00E83B33 /* ApiManager.m in Sources */,
				94C8CECA2160E1E900E83B33 /* MyMarkerAnnotation.m in Sources */,
				94C8CEBE2160B0C600E83B33 /* MapViewController.m in Sources */,
				94C8CECD216104EB00E83B33 /* MyMarker.m in Sources */,
				94F3B58F21649B54005D447C /* TabBarController.m in Sources */,
				94C8CEAF2160A7F800E83B33 /* main.m in Sources */,
				94C553BF2164B01300C0F628 /* PlaceCollectionViewController.m in Sources */,
				94C8CEA12160A7F700E83B33 /* AppDelegate.m in Sources */,
			);
			runOnlyForDeploymentPostprocessing = 0;
		};
/* End PBXSourcesBuildPhase section */

/* Begin PBXVariantGroup section */
		94C8CEAA2160A7F800E83B33 /* LaunchScreen.storyboard */ = {
			isa = PBXVariantGroup;
			children = (
				94C8CEAB2160A7F800E83B33 /* Base */,
			);
			name = LaunchScreen.storyboard;
			sourceTree = "<group>";
		};
/* End PBXVariantGroup section */

/* Begin XCBuildConfiguration section */
		94C8CEB02160A7F800E83B33 /* Debug */ = {
			isa = XCBuildConfiguration;
			buildSettings = {
				ALWAYS_SEARCH_USER_PATHS = NO;
				CLANG_ANALYZER_NONNULL = YES;
				CLANG_ANALYZER_NUMBER_OBJECT_CONVERSION = YES_AGGRESSIVE;
				CLANG_CXX_LANGUAGE_STANDARD = "gnu++14";
				CLANG_CXX_LIBRARY = "libc++";
				CLANG_ENABLE_MODULES = YES;
				CLANG_ENABLE_OBJC_ARC = YES;
				CLANG_ENABLE_OBJC_WEAK = YES;
				CLANG_WARN_BLOCK_CAPTURE_AUTORELEASING = YES;
				CLANG_WARN_BOOL_CONVERSION = YES;
				CLANG_WARN_COMMA = YES;
				CLANG_WARN_CONSTANT_CONVERSION = YES;
				CLANG_WARN_DEPRECATED_OBJC_IMPLEMENTATIONS = YES;
				CLANG_WARN_DIRECT_OBJC_ISA_USAGE = YES_ERROR;
				CLANG_WARN_DOCUMENTATION_COMMENTS = YES;
				CLANG_WARN_EMPTY_BODY = YES;
				CLANG_WARN_ENUM_CONVERSION = YES;
				CLANG_WARN_INFINITE_RECURSION = YES;
				CLANG_WARN_INT_CONVERSION = YES;
				CLANG_WARN_NON_LITERAL_NULL_CONVERSION = YES;
				CLANG_WARN_OBJC_IMPLICIT_RETAIN_SELF = YES;
				CLANG_WARN_OBJC_LITERAL_CONVERSION = YES;
				CLANG_WARN_OBJC_ROOT_CLASS = YES_ERROR;
				CLANG_WARN_RANGE_LOOP_ANALYSIS = YES;
				CLANG_WARN_STRICT_PROTOTYPES = YES;
				CLANG_WARN_SUSPICIOUS_MOVE = YES;
				CLANG_WARN_UNGUARDED_AVAILABILITY = YES_AGGRESSIVE;
				CLANG_WARN_UNREACHABLE_CODE = YES;
				CLANG_WARN__DUPLICATE_METHOD_MATCH = YES;
				CODE_SIGN_IDENTITY = "iPhone Developer";
				COPY_PHASE_STRIP = NO;
				DEBUG_INFORMATION_FORMAT = dwarf;
				ENABLE_STRICT_OBJC_MSGSEND = YES;
				ENABLE_TESTABILITY = YES;
				GCC_C_LANGUAGE_STANDARD = gnu11;
				GCC_DYNAMIC_NO_PIC = NO;
				GCC_NO_COMMON_BLOCKS = YES;
				GCC_OPTIMIZATION_LEVEL = 0;
				GCC_PREPROCESSOR_DEFINITIONS = (
					"DEBUG=1",
					"$(inherited)",
				);
				GCC_WARN_64_TO_32_BIT_CONVERSION = YES;
				GCC_WARN_ABOUT_RETURN_TYPE = YES_ERROR;
				GCC_WARN_UNDECLARED_SELECTOR = YES;
				GCC_WARN_UNINITIALIZED_AUTOS = YES_AGGRESSIVE;
				GCC_WARN_UNUSED_FUNCTION = YES;
				GCC_WARN_UNUSED_VARIABLE = YES;
				IPHONEOS_DEPLOYMENT_TARGET = 12.0;
				MTL_ENABLE_DEBUG_INFO = INCLUDE_SOURCE;
				MTL_FAST_MATH = YES;
				ONLY_ACTIVE_ARCH = YES;
				SDKROOT = iphoneos;
			};
			name = Debug;
		};
		94C8CEB12160A7F800E83B33 /* Release */ = {
			isa = XCBuildConfiguration;
			buildSettings = {
				ALWAYS_SEARCH_USER_PATHS = NO;
				CLANG_ANALYZER_NONNULL = YES;
				CLANG_ANALYZER_NUMBER_OBJECT_CONVERSION = YES_AGGRESSIVE;
				CLANG_CXX_LANGUAGE_STANDARD = "gnu++14";
				CLANG_CXX_LIBRARY = "libc++";
				CLANG_ENABLE_MODULES = YES;
				CLANG_ENABLE_OBJC_ARC = YES;
				CLANG_ENABLE_OBJC_WEAK = YES;
				CLANG_WARN_BLOCK_CAPTURE_AUTORELEASING = YES;
				CLANG_WARN_BOOL_CONVERSION = YES;
				CLANG_WARN_COMMA = YES;
				CLANG_WARN_CONSTANT_CONVERSION = YES;
				CLANG_WARN_DEPRECATED_OBJC_IMPLEMENTATIONS = YES;
				CLANG_WARN_DIRECT_OBJC_ISA_USAGE = YES_ERROR;
				CLANG_WARN_DOCUMENTATION_COMMENTS = YES;
				CLANG_WARN_EMPTY_BODY = YES;
				CLANG_WARN_ENUM_CONVERSION = YES;
				CLANG_WARN_INFINITE_RECURSION = YES;
				CLANG_WARN_INT_CONVERSION = YES;
				CLANG_WARN_NON_LITERAL_NULL_CONVERSION = YES;
				CLANG_WARN_OBJC_IMPLICIT_RETAIN_SELF = YES;
				CLANG_WARN_OBJC_LITERAL_CONVERSION = YES;
				CLANG_WARN_OBJC_ROOT_CLASS = YES_ERROR;
				CLANG_WARN_RANGE_LOOP_ANALYSIS = YES;
				CLANG_WARN_STRICT_PROTOTYPES = YES;
				CLANG_WARN_SUSPICIOUS_MOVE = YES;
				CLANG_WARN_UNGUARDED_AVAILABILITY = YES_AGGRESSIVE;
				CLANG_WARN_UNREACHABLE_CODE = YES;
				CLANG_WARN__DUPLICATE_METHOD_MATCH = YES;
				CODE_SIGN_IDENTITY = "iPhone Developer";
				COPY_PHASE_STRIP = NO;
				DEBUG_INFORMATION_FORMAT = "dwarf-with-dsym";
				ENABLE_NS_ASSERTIONS = NO;
				ENABLE_STRICT_OBJC_MSGSEND = YES;
				GCC_C_LANGUAGE_STANDARD = gnu11;
				GCC_NO_COMMON_BLOCKS = YES;
				GCC_WARN_64_TO_32_BIT_CONVERSION = YES;
				GCC_WARN_ABOUT_RETURN_TYPE = YES_ERROR;
				GCC_WARN_UNDECLARED_SELECTOR = YES;
				GCC_WARN_UNINITIALIZED_AUTOS = YES_AGGRESSIVE;
				GCC_WARN_UNUSED_FUNCTION = YES;
				GCC_WARN_UNUSED_VARIABLE = YES;
				IPHONEOS_DEPLOYMENT_TARGET = 12.0;
				MTL_ENABLE_DEBUG_INFO = NO;
				MTL_FAST_MATH = YES;
				SDKROOT = iphoneos;
				VALIDATE_PRODUCT = YES;
			};
			name = Release;
		};
		94C8CEB32160A7F800E83B33 /* Debug */ = {
			isa = XCBuildConfiguration;
			buildSettings = {
				ASSETCATALOG_COMPILER_APPICON_NAME = AppIcon;
				CODE_SIGN_STYLE = Automatic;
				DEVELOPMENT_TEAM = X37P9Q6XJN;
				INFOPLIST_FILE = "$(SRCROOT)/GBPublicArt/Environment/Info.plist";
				LD_RUNPATH_SEARCH_PATHS = (
					"$(inherited)",
					"@executable_path/Frameworks",
				);
				PRODUCT_BUNDLE_IDENTIFIER = ru.pricemin.GBPublicArt;
				PRODUCT_NAME = "$(TARGET_NAME)";
				TARGETED_DEVICE_FAMILY = "1,2";
			};
			name = Debug;
		};
		94C8CEB42160A7F800E83B33 /* Release */ = {
			isa = XCBuildConfiguration;
			buildSettings = {
				ASSETCATALOG_COMPILER_APPICON_NAME = AppIcon;
				CODE_SIGN_STYLE = Automatic;
				DEVELOPMENT_TEAM = X37P9Q6XJN;
				INFOPLIST_FILE = "$(SRCROOT)/GBPublicArt/Environment/Info.plist";
				LD_RUNPATH_SEARCH_PATHS = (
					"$(inherited)",
					"@executable_path/Frameworks",
				);
				PRODUCT_BUNDLE_IDENTIFIER = ru.pricemin.GBPublicArt;
				PRODUCT_NAME = "$(TARGET_NAME)";
				TARGETED_DEVICE_FAMILY = "1,2";
			};
			name = Release;
		};
/* End XCBuildConfiguration section */

/* Begin XCConfigurationList section */
		94C8CE972160A7F700E83B33 /* Build configuration list for PBXProject "GBPublicArt" */ = {
			isa = XCConfigurationList;
			buildConfigurations = (
				94C8CEB02160A7F800E83B33 /* Debug */,
				94C8CEB12160A7F800E83B33 /* Release */,
			);
			defaultConfigurationIsVisible = 0;
			defaultConfigurationName = Release;
		};
		94C8CEB22160A7F800E83B33 /* Build configuration list for PBXNativeTarget "GBPublicArt" */ = {
			isa = XCConfigurationList;
			buildConfigurations = (
				94C8CEB32160A7F800E83B33 /* Debug */,
				94C8CEB42160A7F800E83B33 /* Release */,
			);
			defaultConfigurationIsVisible = 0;
			defaultConfigurationName = Release;
		};
/* End XCConfigurationList section */
	};
	rootObject = 94C8CE942160A7F700E83B33 /* Project object */;
}
